
Microsoft Visual Studio Solution File, Format Version 12.00
# Visual Studio 15
VisualStudioVersion = 15.0.26403.0
MinimumVisualStudioVersion = 10.0.40219.1
Project("{9A19103F-16F7-4668-BE54-9A1E7A4F7556}") = "HelloWorld", "HelloWorld\HelloWorld.csproj", "{860D18FA-4E8B-4F46-B504-FCD38892098B}"
EndProject
Project("{FAE04EC0-301F-11D3-BF4B-00C04F79EFBC}") = "Chapter_5_Creating_Variables", "Chapter_5_Creating_Variables\Chapter_5_Creating_Variables.csproj", "{0C4C884E-1A68-432C-855B-8FE9DB235428}"
EndProject
Project("{FAE04EC0-301F-11D3-BF4B-00C04F79EFBC}") = "Chapter_6_Variable_Types", "Chapter_6_Variable_Types\Chapter_6_Variable_Types.csproj", "{EF5118FA-0DA2-462A-BCC7-54A6C40575AF}"
EndProject
Project("{FAE04EC0-301F-11D3-BF4B-00C04F79EFBC}") = "Chapter_7_Basic_Math", "Chapter_7_Basic_Math\Chapter_7_Basic_Math.csproj", "{58E98FFA-BFAD-4242-AC3D-9C96809558EA}"
EndProject
Project("{FAE04EC0-301F-11D3-BF4B-00C04F79EFBC}") = "Chapter_8_User_Input", "Chapter_8_User_Input\Chapter_8_User_Input.csproj", "{8BC1A8AA-5453-4D63-BDD7-E2222FE80B85}"
EndProject
Project("{FAE04EC0-301F-11D3-BF4B-00C04F79EFBC}") = "Chapter_9_More_Math", "Chapter_9_More_Math\Chapter_9_More_Math.csproj", "{9819359D-6AE6-4150-838D-B62CD3E0BE90}"
EndProject
Project("{FAE04EC0-301F-11D3-BF4B-00C04F79EFBC}") = "NUnit1_SimpleCalculator", "NUnit1_SimpleCalculator\NUnit1_SimpleCalculator.csproj", "{4F681D08-B720-4A02-88CD-1054F6AD0AAE}"
EndProject
Project("{FAE04EC0-301F-11D3-BF4B-00C04F79EFBC}") = "NUnit1_SimpleCalculator.Test", "NUnit_SimpleCalculator.Test\NUnit1_SimpleCalculator.Test.csproj", "{9FB0E678-6EC5-463D-9592-83F981BAFC90}"
EndProject
Project("{FAE04EC0-301F-11D3-BF4B-00C04F79EFBC}") = "NUnit2_NameJoiner", "NUnit2_NameJoiner\NUnit2_NameJoiner.csproj", "{64B42ED6-DF6F-4338-9A6C-F5EDDAB2B693}"
EndProject
Project("{FAE04EC0-301F-11D3-BF4B-00C04F79EFBC}") = "NUnit2_NameJoiner.Tests", "NUnit2_NameJoiner.Tests\NUnit2_NameJoiner.Tests.csproj", "{2171E49F-5492-4040-9F38-CDC64B7DBD51}"
EndProject
Project("{FAE04EC0-301F-11D3-BF4B-00C04F79EFBC}") = "NUnit3_SpecialDateStore", "NUnit3_SpecialDateStore\NUnit3_SpecialDateStore.csproj", "{9D8D4C3C-17A5-4E21-9D4C-900B5E81CB0B}"
EndProject
Project("{FAE04EC0-301F-11D3-BF4B-00C04F79EFBC}") = "NUnit3_SpecialDateStore.Tests", "NUnit3_SpecialDateStore.Tests\NUnit3_SpecialDateStore.Tests.csproj", "{C65D9528-6FA8-457C-B3B0-4CCC684C7E39}"
EndProject
Project("{FAE04EC0-301F-11D3-BF4B-00C04F79EFBC}") = "NUnit4_PlayerCharacter", "NUnit4_PlayerCharacter\NUnit4_PlayerCharacter.csproj", "{35B90514-B77A-4756-8484-20A32022F68F}"
EndProject
Project("{FAE04EC0-301F-11D3-BF4B-00C04F79EFBC}") = "NUnit4_PlayerCharacter.Tests", "NUnit4_PlayerCharacter.Tests\NUnit4_PlayerCharacter.Tests.csproj", "{0D8C9592-09FF-4B5A-A8B4-B050285B151E}"
EndProject
Project("{FAE04EC0-301F-11D3-BF4B-00C04F79EFBC}") = "Chapter_10_Decision_Making", "Chapter_10_Decision_Making\Chapter_10_Decision_Making.csproj", "{4B2DA23B-92A7-458A-B575-626EC53D3588}"
EndProject
Project("{FAE04EC0-301F-11D3-BF4B-00C04F79EFBC}") = "Chapter_11_Switch_Statements", "Chapter_11_Switch_Statements\Chapter_11_Switch_Statements.csproj", "{58FE4F61-D1BE-436B-BCA2-8BADE46C2AB7}"
EndProject
Project("{FAE04EC0-301F-11D3-BF4B-00C04F79EFBC}") = "Chapter_12_Looping", "Chapter_12_Looping\Chapter_12_Looping.csproj", "{47321DD0-6FA0-4625-BEEE-40867AEBB2B8}"
EndProject
Project("{FAE04EC0-301F-11D3-BF4B-00C04F79EFBC}") = "Chapter_13_Arrays", "Chapter_13_Arrays\Chapter_13_Arrays.csproj", "{64327F79-047D-48B8-ADB2-535C17CF04F2}"
EndProject
Project("{FAE04EC0-301F-11D3-BF4B-00C04F79EFBC}") = "Chapter_14_Enumerations", "Chapter_14_Enumerations\Chapter_14_Enumerations.csproj", "{6D54CDF8-022F-4354-908A-BE0BB63184D0}"
EndProject
Project("{FAE04EC0-301F-11D3-BF4B-00C04F79EFBC}") = "Chapter_15_Methods", "Chapter_15_Methods\Chapter_15_Methods.csproj", "{66B2FA62-734E-4241-B9DC-05350D5CEE7A}"
EndProject
Project("{FAE04EC0-301F-11D3-BF4B-00C04F79EFBC}") = "HeroesWorld", "HeroesWorld\HeroesWorld.csproj", "{5CE2CF6F-8A94-44DF-B202-441220638F2D}"
EndProject
Project("{FAE04EC0-301F-11D3-BF4B-00C04F79EFBC}") = "HeroesWorld_Day2", "HeroesWorld_Day2\HeroesWorld_Day2.csproj", "{E0F866B5-F62D-4F95-B6B4-3915323E5541}"
EndProject
Global
	GlobalSection(SolutionConfigurationPlatforms) = preSolution
		Debug|Any CPU = Debug|Any CPU
		Release|Any CPU = Release|Any CPU
	EndGlobalSection
	GlobalSection(ProjectConfigurationPlatforms) = postSolution
		{860D18FA-4E8B-4F46-B504-FCD38892098B}.Debug|Any CPU.ActiveCfg = Debug|Any CPU
		{860D18FA-4E8B-4F46-B504-FCD38892098B}.Debug|Any CPU.Build.0 = Debug|Any CPU
		{860D18FA-4E8B-4F46-B504-FCD38892098B}.Release|Any CPU.ActiveCfg = Release|Any CPU
		{860D18FA-4E8B-4F46-B504-FCD38892098B}.Release|Any CPU.Build.0 = Release|Any CPU
		{0C4C884E-1A68-432C-855B-8FE9DB235428}.Debug|Any CPU.ActiveCfg = Debug|Any CPU
		{0C4C884E-1A68-432C-855B-8FE9DB235428}.Debug|Any CPU.Build.0 = Debug|Any CPU
		{0C4C884E-1A68-432C-855B-8FE9DB235428}.Release|Any CPU.ActiveCfg = Release|Any CPU
		{0C4C884E-1A68-432C-855B-8FE9DB235428}.Release|Any CPU.Build.0 = Release|Any CPU
		{EF5118FA-0DA2-462A-BCC7-54A6C40575AF}.Debug|Any CPU.ActiveCfg = Debug|Any CPU
		{EF5118FA-0DA2-462A-BCC7-54A6C40575AF}.Debug|Any CPU.Build.0 = Debug|Any CPU
		{EF5118FA-0DA2-462A-BCC7-54A6C40575AF}.Release|Any CPU.ActiveCfg = Release|Any CPU
		{EF5118FA-0DA2-462A-BCC7-54A6C40575AF}.Release|Any CPU.Build.0 = Release|Any CPU
		{58E98FFA-BFAD-4242-AC3D-9C96809558EA}.Debug|Any CPU.ActiveCfg = Debug|Any CPU
		{58E98FFA-BFAD-4242-AC3D-9C96809558EA}.Debug|Any CPU.Build.0 = Debug|Any CPU
		{58E98FFA-BFAD-4242-AC3D-9C96809558EA}.Release|Any CPU.ActiveCfg = Release|Any CPU
		{58E98FFA-BFAD-4242-AC3D-9C96809558EA}.Release|Any CPU.Build.0 = Release|Any CPU
		{8BC1A8AA-5453-4D63-BDD7-E2222FE80B85}.Debug|Any CPU.ActiveCfg = Debug|Any CPU
		{8BC1A8AA-5453-4D63-BDD7-E2222FE80B85}.Debug|Any CPU.Build.0 = Debug|Any CPU
		{8BC1A8AA-5453-4D63-BDD7-E2222FE80B85}.Release|Any CPU.ActiveCfg = Release|Any CPU
		{8BC1A8AA-5453-4D63-BDD7-E2222FE80B85}.Release|Any CPU.Build.0 = Release|Any CPU
		{9819359D-6AE6-4150-838D-B62CD3E0BE90}.Debug|Any CPU.ActiveCfg = Debug|Any CPU
		{9819359D-6AE6-4150-838D-B62CD3E0BE90}.Debug|Any CPU.Build.0 = Debug|Any CPU
		{9819359D-6AE6-4150-838D-B62CD3E0BE90}.Release|Any CPU.ActiveCfg = Release|Any CPU
		{9819359D-6AE6-4150-838D-B62CD3E0BE90}.Release|Any CPU.Build.0 = Release|Any CPU
		{4F681D08-B720-4A02-88CD-1054F6AD0AAE}.Debug|Any CPU.ActiveCfg = Debug|Any CPU
		{4F681D08-B720-4A02-88CD-1054F6AD0AAE}.Debug|Any CPU.Build.0 = Debug|Any CPU
		{4F681D08-B720-4A02-88CD-1054F6AD0AAE}.Release|Any CPU.ActiveCfg = Release|Any CPU
		{4F681D08-B720-4A02-88CD-1054F6AD0AAE}.Release|Any CPU.Build.0 = Release|Any CPU
		{9FB0E678-6EC5-463D-9592-83F981BAFC90}.Debug|Any CPU.ActiveCfg = Debug|Any CPU
		{9FB0E678-6EC5-463D-9592-83F981BAFC90}.Debug|Any CPU.Build.0 = Debug|Any CPU
		{9FB0E678-6EC5-463D-9592-83F981BAFC90}.Release|Any CPU.ActiveCfg = Release|Any CPU
		{9FB0E678-6EC5-463D-9592-83F981BAFC90}.Release|Any CPU.Build.0 = Release|Any CPU
		{64B42ED6-DF6F-4338-9A6C-F5EDDAB2B693}.Debug|Any CPU.ActiveCfg = Debug|Any CPU
		{64B42ED6-DF6F-4338-9A6C-F5EDDAB2B693}.Debug|Any CPU.Build.0 = Debug|Any CPU
		{64B42ED6-DF6F-4338-9A6C-F5EDDAB2B693}.Release|Any CPU.ActiveCfg = Release|Any CPU
		{64B42ED6-DF6F-4338-9A6C-F5EDDAB2B693}.Release|Any CPU.Build.0 = Release|Any CPU
		{2171E49F-5492-4040-9F38-CDC64B7DBD51}.Debug|Any CPU.ActiveCfg = Debug|Any CPU
		{2171E49F-5492-4040-9F38-CDC64B7DBD51}.Debug|Any CPU.Build.0 = Debug|Any CPU
		{2171E49F-5492-4040-9F38-CDC64B7DBD51}.Release|Any CPU.ActiveCfg = Release|Any CPU
		{2171E49F-5492-4040-9F38-CDC64B7DBD51}.Release|Any CPU.Build.0 = Release|Any CPU
		{9D8D4C3C-17A5-4E21-9D4C-900B5E81CB0B}.Debug|Any CPU.ActiveCfg = Debug|Any CPU
		{9D8D4C3C-17A5-4E21-9D4C-900B5E81CB0B}.Debug|Any CPU.Build.0 = Debug|Any CPU
		{9D8D4C3C-17A5-4E21-9D4C-900B5E81CB0B}.Release|Any CPU.ActiveCfg = Release|Any CPU
		{9D8D4C3C-17A5-4E21-9D4C-900B5E81CB0B}.Release|Any CPU.Build.0 = Release|Any CPU
		{C65D9528-6FA8-457C-B3B0-4CCC684C7E39}.Debug|Any CPU.ActiveCfg = Debug|Any CPU
		{C65D9528-6FA8-457C-B3B0-4CCC684C7E39}.Debug|Any CPU.Build.0 = Debug|Any CPU
		{C65D9528-6FA8-457C-B3B0-4CCC684C7E39}.Release|Any CPU.ActiveCfg = Release|Any CPU
		{C65D9528-6FA8-457C-B3B0-4CCC684C7E39}.Release|Any CPU.Build.0 = Release|Any CPU
		{35B90514-B77A-4756-8484-20A32022F68F}.Debug|Any CPU.ActiveCfg = Debug|Any CPU
		{35B90514-B77A-4756-8484-20A32022F68F}.Debug|Any CPU.Build.0 = Debug|Any CPU
		{35B90514-B77A-4756-8484-20A32022F68F}.Release|Any CPU.ActiveCfg = Release|Any CPU
		{35B90514-B77A-4756-8484-20A32022F68F}.Release|Any CPU.Build.0 = Release|Any CPU
		{0D8C9592-09FF-4B5A-A8B4-B050285B151E}.Debug|Any CPU.ActiveCfg = Debug|Any CPU
		{0D8C9592-09FF-4B5A-A8B4-B050285B151E}.Debug|Any CPU.Build.0 = Debug|Any CPU
		{0D8C9592-09FF-4B5A-A8B4-B050285B151E}.Release|Any CPU.ActiveCfg = Release|Any CPU
		{0D8C9592-09FF-4B5A-A8B4-B050285B151E}.Release|Any CPU.Build.0 = Release|Any CPU
		{4B2DA23B-92A7-458A-B575-626EC53D3588}.Debug|Any CPU.ActiveCfg = Debug|Any CPU
		{4B2DA23B-92A7-458A-B575-626EC53D3588}.Debug|Any CPU.Build.0 = Debug|Any CPU
		{4B2DA23B-92A7-458A-B575-626EC53D3588}.Release|Any CPU.ActiveCfg = Release|Any CPU
		{4B2DA23B-92A7-458A-B575-626EC53D3588}.Release|Any CPU.Build.0 = Release|Any CPU
		{58FE4F61-D1BE-436B-BCA2-8BADE46C2AB7}.Debug|Any CPU.ActiveCfg = Debug|Any CPU
		{58FE4F61-D1BE-436B-BCA2-8BADE46C2AB7}.Debug|Any CPU.Build.0 = Debug|Any CPU
		{58FE4F61-D1BE-436B-BCA2-8BADE46C2AB7}.Release|Any CPU.ActiveCfg = Release|Any CPU
		{58FE4F61-D1BE-436B-BCA2-8BADE46C2AB7}.Release|Any CPU.Build.0 = Release|Any CPU
		{47321DD0-6FA0-4625-BEEE-40867AEBB2B8}.Debug|Any CPU.ActiveCfg = Debug|Any CPU
		{47321DD0-6FA0-4625-BEEE-40867AEBB2B8}.Debug|Any CPU.Build.0 = Debug|Any CPU
		{47321DD0-6FA0-4625-BEEE-40867AEBB2B8}.Release|Any CPU.ActiveCfg = Release|Any CPU
		{47321DD0-6FA0-4625-BEEE-40867AEBB2B8}.Release|Any CPU.Build.0 = Release|Any CPU
		{64327F79-047D-48B8-ADB2-535C17CF04F2}.Debug|Any CPU.ActiveCfg = Debug|Any CPU
		{64327F79-047D-48B8-ADB2-535C17CF04F2}.Debug|Any CPU.Build.0 = Debug|Any CPU
		{64327F79-047D-48B8-ADB2-535C17CF04F2}.Release|Any CPU.ActiveCfg = Release|Any CPU
		{64327F79-047D-48B8-ADB2-535C17CF04F2}.Release|Any CPU.Build.0 = Release|Any CPU
		{6D54CDF8-022F-4354-908A-BE0BB63184D0}.Debug|Any CPU.ActiveCfg = Debug|Any CPU
		{6D54CDF8-022F-4354-908A-BE0BB63184D0}.Debug|Any CPU.Build.0 = Debug|Any CPU
		{6D54CDF8-022F-4354-908A-BE0BB63184D0}.Release|Any CPU.ActiveCfg = Release|Any CPU
		{6D54CDF8-022F-4354-908A-BE0BB63184D0}.Release|Any CPU.Build.0 = Release|Any CPU
		{66B2FA62-734E-4241-B9DC-05350D5CEE7A}.Debug|Any CPU.ActiveCfg = Debug|Any CPU
		{66B2FA62-734E-4241-B9DC-05350D5CEE7A}.Debug|Any CPU.Build.0 = Debug|Any CPU
		{66B2FA62-734E-4241-B9DC-05350D5CEE7A}.Release|Any CPU.ActiveCfg = Release|Any CPU
		{66B2FA62-734E-4241-B9DC-05350D5CEE7A}.Release|Any CPU.Build.0 = Release|Any CPU
		{5CE2CF6F-8A94-44DF-B202-441220638F2D}.Debug|Any CPU.ActiveCfg = Debug|Any CPU
		{5CE2CF6F-8A94-44DF-B202-441220638F2D}.Debug|Any CPU.Build.0 = Debug|Any CPU
		{5CE2CF6F-8A94-44DF-B202-441220638F2D}.Release|Any CPU.ActiveCfg = Release|Any CPU
		{5CE2CF6F-8A94-44DF-B202-441220638F2D}.Release|Any CPU.Build.0 = Release|Any CPU
		{E0F866B5-F62D-4F95-B6B4-3915323E5541}.Debug|Any CPU.ActiveCfg = Debug|Any CPU
		{E0F866B5-F62D-4F95-B6B4-3915323E5541}.Debug|Any CPU.Build.0 = Debug|Any CPU
		{E0F866B5-F62D-4F95-B6B4-3915323E5541}.Release|Any CPU.ActiveCfg = Release|Any CPU
		{E0F866B5-F62D-4F95-B6B4-3915323E5541}.Release|Any CPU.Build.0 = Release|Any CPU
	EndGlobalSection
	GlobalSection(SolutionProperties) = preSolution
		HideSolutionNode = FALSE
	EndGlobalSection
EndGlobal
